
Microsoft Visual Studio Solution File, Format Version 12.00
# Visual Studio Version 16
VisualStudioVersion = 16.0.31613.86
MinimumVisualStudioVersion = 10.0.40219.1
Project("{FAE04EC0-301F-11D3-BF4B-00C04F79EFBC}") = "InternetTester.Lib", "InternetTester.Lib\InternetTester.Lib.csproj", "{1F82EA73-7A7A-4F78-8A8E-B77AF6720E02}"
EndProject
Project("{FAE04EC0-301F-11D3-BF4B-00C04F79EFBC}") = "InternetTester.App", "InternetTester.App\InternetTester.App.csproj", "{E871F24C-102F-4FBA-80D4-632C2A7FDCAC}"
EndProject
Global
	GlobalSection(SolutionConfigurationPlatforms) = preSolution
		Debug|Any CPU = Debug|Any CPU
		Release|Any CPU = Release|Any CPU
	EndGlobalSection
	GlobalSection(ProjectConfigurationPlatforms) = postSolution
		{1F82EA73-7A7A-4F78-8A8E-B77AF6720E02}.Debug|Any CPU.ActiveCfg = Debug|Any CPU
		{1F82EA73-7A7A-4F78-8A8E-B77AF6720E02}.Debug|Any CPU.Build.0 = Debug|Any CPU
		{1F82EA73-7A7A-4F78-8A8E-B77AF6720E02}.Release|Any CPU.ActiveCfg = Release|Any CPU
		{1F82EA73-7A7A-4F78-8A8E-B77AF6720E02}.Release|Any CPU.Build.0 = Release|Any CPU
		{E871F24C-102F-4FBA-80D4-632C2A7FDCAC}.Debug|Any CPU.ActiveCfg = Debug|Any CPU
		{E871F24C-102F-4FBA-80D4-632C2A7FDCAC}.Debug|Any CPU.Build.0 = Debug|Any CPU
		{E871F24C-102F-4FBA-80D4-632C2A7FDCAC}.Release|Any CPU.ActiveCfg = Release|Any CPU
		{E871F24C-102F-4FBA-80D4-632C2A7FDCAC}.Release|Any CPU.Build.0 = Release|Any CPU
	EndGlobalSection
	GlobalSection(SolutionProperties) = preSolution
		HideSolutionNode = FALSE
	EndGlobalSection
	GlobalSection(ExtensibilityGlobals) = postSolution
		SolutionGuid = {7CF12FE2-0C89-4959-A187-E862466F2E2A}
	EndGlobalSection
EndGlobal
